
Microsoft Visual Studio Solution File, Format Version 12.00
# Visual Studio Version 17
VisualStudioVersion = 17.2.32505.173
MinimumVisualStudioVersion = 10.0.40219.1
Project("{FAE04EC0-301F-11D3-BF4B-00C04F79EFBC}") = "面向对象", "面向对象\面向对象.csproj", "{07D0AFA5-E6F0-4E52-947B-ED9A313E62D0}"
EndProject
Project("{FAE04EC0-301F-11D3-BF4B-00C04F79EFBC}") = "命名空间", "命名空间\命名空间.csproj", "{026AC36C-5928-49C7-ABEE-E080AFDD8677}"
EndProject
Project("{FAE04EC0-301F-11D3-BF4B-00C04F79EFBC}") = "字符串", "字符串\字符串.csproj", "{A0EABD59-6001-4D47-83D1-F40E37C5BB37}"
EndProject
Project("{FAE04EC0-301F-11D3-BF4B-00C04F79EFBC}") = "stringbuilder", "stringbuilder\stringbuilder.csproj", "{0497CC5D-B9BA-4B98-8939-9878341CE702}"
EndProject
Project("{FAE04EC0-301F-11D3-BF4B-00C04F79EFBC}") = "字符串的方法", "字符串的方法\字符串的方法.csproj", "{C9777ABA-E517-4A16-824C-61C56C02847A}"
EndProject
Project("{FAE04EC0-301F-11D3-BF4B-00C04F79EFBC}") = "继承", "继承\继承.csproj", "{8FB8C2B0-DE40-40AD-8284-937597E9C24F}"
EndProject
Project("{FAE04EC0-301F-11D3-BF4B-00C04F79EFBC}") = "里氏转换", "里氏转换\里氏转换.csproj", "{36B9F72B-0320-4689-8786-308DCE0521BF}"
EndProject
Project("{FAE04EC0-301F-11D3-BF4B-00C04F79EFBC}") = "protect访问修饰符", "protect访问修饰符\protect访问修饰符.csproj", "{19078AD1-47CE-4682-9278-D8BB8978815C}"
EndProject
Project("{FAE04EC0-301F-11D3-BF4B-00C04F79EFBC}") = "ArrayList集合", "ArrayList集合\ArrayList集合.csproj", "{7B9890C5-EEBF-4255-A365-31E1F7046FF9}"
EndProject
Project("{FAE04EC0-301F-11D3-BF4B-00C04F79EFBC}") = "ArrayList的各种方法", "ArrayList的各种方法\ArrayList的各种方法.csproj", "{62DE2DF1-F2CA-45FF-BB1D-54BF3C31C3F3}"
EndProject
Project("{FAE04EC0-301F-11D3-BF4B-00C04F79EFBC}") = "ArrayList的集合长度问题", "ArrayList的集合长度问题\ArrayList的集合长度问题.csproj", "{F9F686EE-1908-4FBF-AA61-226EC59837DD}"
EndProject
Project("{FAE04EC0-301F-11D3-BF4B-00C04F79EFBC}") = "HashTable键值对集合", "HashTable键值对集合\HashTable键值对集合.csproj", "{6AAE1BC5-9D5A-4282-87BB-358083C87649}"
EndProject
Project("{FAE04EC0-301F-11D3-BF4B-00C04F79EFBC}") = "var推断类型", "var推断类型\var推断类型.csproj", "{C85DA7CE-591B-47B1-AC94-1CD25D212503}"
EndProject
Project("{FAE04EC0-301F-11D3-BF4B-00C04F79EFBC}") = "foreach循环", "foreach循环\foreach循环.csproj", "{BA7EA618-1677-4F12-8AFD-935DEFD20E32}"
EndProject
Project("{FAE04EC0-301F-11D3-BF4B-00C04F79EFBC}") = "Path类", "Path类\Path类.csproj", "{ECF06F63-1480-43AF-8FC0-E1CD2001A741}"
EndProject
Project("{FAE04EC0-301F-11D3-BF4B-00C04F79EFBC}") = "File类", "File类\File类.csproj", "{2FB2CCBA-E3B4-4AA2-A797-890D3DBFAB6D}"
EndProject
Project("{FAE04EC0-301F-11D3-BF4B-00C04F79EFBC}") = "List泛型集合", "List泛型集合\List泛型集合.csproj", "{4D6838B2-BC49-4E9C-8998-94080A42D416}"
EndProject
Project("{FAE04EC0-301F-11D3-BF4B-00C04F79EFBC}") = "装箱和拆箱", "装箱和拆箱\装箱和拆箱.csproj", "{4329E6F0-9C62-471E-97E0-99D83CE65BA7}"
EndProject
Project("{FAE04EC0-301F-11D3-BF4B-00C04F79EFBC}") = "_Dictionary", "_Dictionary\_Dictionary.csproj", "{2C56291E-9178-44B3-8056-543CE8C9B3B5}"
EndProject
Project("{FAE04EC0-301F-11D3-BF4B-00C04F79EFBC}") = "filestream文件流", "filestream文件流\filestream文件流.csproj", "{3B51F4F1-B904-48B3-A12D-57F16FCD99CC}"
EndProject
Project("{FAE04EC0-301F-11D3-BF4B-00C04F79EFBC}") = "StreamReader和StreamWriter", "StreamReader和StreamWriter\StreamReader和StreamWriter.csproj", "{6E59FBF4-4E74-40F6-812F-4389A5C673A2}"
EndProject
Project("{FAE04EC0-301F-11D3-BF4B-00C04F79EFBC}") = "多态", "多态\多态.csproj", "{8CCBAA18-6657-470B-96AA-11469DAF7B4B}"
EndProject
Project("{FAE04EC0-301F-11D3-BF4B-00C04F79EFBC}") = "抽象类", "抽象类\抽象类.csproj", "{E677D6F9-61B6-44BC-B16E-5B7AC8F27713}"
EndProject
Project("{FAE04EC0-301F-11D3-BF4B-00C04F79EFBC}") = "抽象类练习", "抽象类练习\抽象类练习.csproj", "{FCDB50BE-9948-447A-8D1F-F401007D8BCA}"
EndProject
Project("{FAE04EC0-301F-11D3-BF4B-00C04F79EFBC}") = "模拟移动硬盘，U盘", "模拟移动硬盘，U盘\模拟移动硬盘，U盘.csproj", "{508DFC9D-5C03-4C8A-85C3-25B2219B8C77}"
EndProject
Project("{FAE04EC0-301F-11D3-BF4B-00C04F79EFBC}") = "简单工厂设计模式", "简单工厂设计模式\简单工厂设计模式.csproj", "{72EA6003-76BF-410C-B01C-1B5E72230DF8}"
EndProject
Project("{FAE04EC0-301F-11D3-BF4B-00C04F79EFBC}") = "值类型和引用类型", "值类型和引用类型\值类型和引用类型.csproj", "{574CE2F2-6CAE-4FFB-B48F-994928E4F010}"
EndProject
Project("{FAE04EC0-301F-11D3-BF4B-00C04F79EFBC}") = "序列化和反序列化", "序列化和反序列化\序列化和反序列化.csproj", "{0F75C1A1-8BC6-4803-A8BE-E559A749F44B}"
EndProject
Project("{FAE04EC0-301F-11D3-BF4B-00C04F79EFBC}") = "部分类", "部分类\部分类.csproj", "{1E20577D-4430-4E13-B01D-CB2AC3CE8C4C}"
EndProject
Project("{FAE04EC0-301F-11D3-BF4B-00C04F79EFBC}") = "密封类", "密封类\密封类.csproj", "{BBF9F1C9-C999-4E0D-919A-706DEEBC2169}"
EndProject
Project("{FAE04EC0-301F-11D3-BF4B-00C04F79EFBC}") = "重写ToString（）方法", "重写ToString（）方法\重写ToString（）方法.csproj", "{ADB5C472-4DB5-4B48-9234-5A8E536B93FD}"
EndProject
Project("{FAE04EC0-301F-11D3-BF4B-00C04F79EFBC}") = "字符串的不可变性", "字符串的不可变性\字符串的不可变性.csproj", "{4A3A0784-EB53-49B0-ADFE-3E9E58D63B74}"
EndProject
Project("{FAE04EC0-301F-11D3-BF4B-00C04F79EFBC}") = "接口", "接口\接口.csproj", "{91901249-E3B8-4D0C-BF25-8FE621FCDB7E}"
EndProject
Project("{FAE04EC0-301F-11D3-BF4B-00C04F79EFBC}") = "接口的语法特征", "接口的语法特征\接口的语法特征.csproj", "{A755A9F8-03DE-4CDF-A3DF-1E40990F652D}"
EndProject
Project("{FAE04EC0-301F-11D3-BF4B-00C04F79EFBC}") = "自动属性和普通属性", "自动属性和普通属性\自动属性和普通属性.csproj", "{BEB9B7B1-49A5-4C06-9560-85794771956D}"
EndProject
Project("{FAE04EC0-301F-11D3-BF4B-00C04F79EFBC}") = "接口特点", "接口特点\接口特点.csproj", "{B3DC5EFF-B84C-4B98-8405-57FE384F621B}"
EndProject
Project("{FAE04EC0-301F-11D3-BF4B-00C04F79EFBC}") = "显示实现接口", "显示实现接口\显示实现接口.csproj", "{6A4D970D-E0B0-4AF2-A479-CB89E9FB72A8}"
EndProject
Project("{FAE04EC0-301F-11D3-BF4B-00C04F79EFBC}") = "多态总结", "多态总结\多态总结.csproj", "{7507CBA9-606C-4074-AD1A-1EBF84E22214}"
EndProject
Project("{FAE04EC0-301F-11D3-BF4B-00C04F79EFBC}") = "超市收银系统", "超市收银系统\超市收银系统.csproj", "{D3953640-97CB-44D9-9B32-D37168936ECF}"
EndProject
Project("{FAE04EC0-301F-11D3-BF4B-00C04F79EFBC}") = "GUID", "GUID\GUID.csproj", "{10289A99-102D-4859-A5B4-1B2B8150262E}"
EndProject
Project("{FAE04EC0-301F-11D3-BF4B-00C04F79EFBC}") = "MD5加密", "MD5加密\MD5加密.csproj", "{2B9AE1BB-4DFF-4C1B-B90E-24F89E937631}"
EndProject
Project("{FAE04EC0-301F-11D3-BF4B-00C04F79EFBC}") = "_directory", "_directory\_directory.csproj", "{7B455A03-7284-4D3D-A1F5-862D8C4135F7}"
EndProject
Project("{FAE04EC0-301F-11D3-BF4B-00C04F79EFBC}") = "进程", "进程\进程.csproj", "{947244DD-77E0-42BD-8ABB-84BDED9ACD01}"
EndProject
Project("{FAE04EC0-301F-11D3-BF4B-00C04F79EFBC}") = "线程", "线程\线程.csproj", "{77208927-2DBD-4975-B952-017F9AA0908B}"
EndProject
Project("{FAE04EC0-301F-11D3-BF4B-00C04F79EFBC}") = "为什么要使用委托", "为什么要使用委托\为什么要使用委托.csproj", "{17FA788A-10BF-4689-A02D-8AC185BC28A1}"
EndProject
Project("{FAE04EC0-301F-11D3-BF4B-00C04F79EFBC}") = "委托概念", "委托概念\委托概念.csproj", "{EB0DF010-79C6-41FE-BB40-9BCBE24BC948}"
EndProject
Project("{FAE04EC0-301F-11D3-BF4B-00C04F79EFBC}") = "匿名函数", "匿名函数\匿名函数.csproj", "{3DADA4F1-905D-489E-9AB0-080678C1FBC4}"
EndProject
Project("{FAE04EC0-301F-11D3-BF4B-00C04F79EFBC}") = "求任意数组的最大值", "求任意数组的最大值\求任意数组的最大值.csproj", "{0820691D-CFDC-4B20-A763-5093347A33F6}"
EndProject
Project("{FAE04EC0-301F-11D3-BF4B-00C04F79EFBC}") = "求任意数组最大值（泛型委托）", "求任意数组最大值（泛型委托）\求任意数组最大值（泛型委托）.csproj", "{160D7BD3-999D-45D4-9836-98726F9C1BC0}"
EndProject
Project("{FAE04EC0-301F-11D3-BF4B-00C04F79EFBC}") = "lamda表达式", "lamda表达式\lamda表达式.csproj", "{F6ED4805-795C-4A87-96ED-50D1352FB166}"
EndProject
Project("{FAE04EC0-301F-11D3-BF4B-00C04F79EFBC}") = "多播委托", "多播集合\多播委托.csproj", "{824496BB-280A-401D-9D60-5C6CC20CE0D5}"
EndProject
Project("{FAE04EC0-301F-11D3-BF4B-00C04F79EFBC}") = "正则表达式Regex", "正则表达式Regex\正则表达式Regex.csproj", "{A88D4292-B451-4B54-A128-81FE0F48DE00}"
EndProject
Project("{9A19103F-16F7-4668-BE54-9A1E7A4F7556}") = "abstract_Sample", "abstract_Sample\abstract_Sample.csproj", "{2549D568-069E-4162-83B7-40E95AE6E1DD}"
EndProject
Project("{FAE04EC0-301F-11D3-BF4B-00C04F79EFBC}") = "yield关键字", "yield关键字\yield关键字.csproj", "{06154306-E1D8-40A7-8CC9-D8DBC051EDE4}"
EndProject
Global
	GlobalSection(SolutionConfigurationPlatforms) = preSolution
		Debug|Any CPU = Debug|Any CPU
		Debug|x86 = Debug|x86
		Release|Any CPU = Release|Any CPU
		Release|x86 = Release|x86
	EndGlobalSection
	GlobalSection(ProjectConfigurationPlatforms) = postSolution
		{07D0AFA5-E6F0-4E52-947B-ED9A313E62D0}.Debug|Any CPU.ActiveCfg = Debug|x86
		{07D0AFA5-E6F0-4E52-947B-ED9A313E62D0}.Debug|Any CPU.Build.0 = Debug|x86
		{07D0AFA5-E6F0-4E52-947B-ED9A313E62D0}.Debug|x86.ActiveCfg = Debug|x86
		{07D0AFA5-E6F0-4E52-947B-ED9A313E62D0}.Debug|x86.Build.0 = Debug|x86
		{07D0AFA5-E6F0-4E52-947B-ED9A313E62D0}.Release|Any CPU.ActiveCfg = Release|x86
		{07D0AFA5-E6F0-4E52-947B-ED9A313E62D0}.Release|Any CPU.Build.0 = Release|x86
		{07D0AFA5-E6F0-4E52-947B-ED9A313E62D0}.Release|x86.ActiveCfg = Release|x86
		{07D0AFA5-E6F0-4E52-947B-ED9A313E62D0}.Release|x86.Build.0 = Release|x86
		{026AC36C-5928-49C7-ABEE-E080AFDD8677}.Debug|Any CPU.ActiveCfg = Debug|x86
		{026AC36C-5928-49C7-ABEE-E080AFDD8677}.Debug|Any CPU.Build.0 = Debug|x86
		{026AC36C-5928-49C7-ABEE-E080AFDD8677}.Debug|x86.ActiveCfg = Debug|x86
		{026AC36C-5928-49C7-ABEE-E080AFDD8677}.Debug|x86.Build.0 = Debug|x86
		{026AC36C-5928-49C7-ABEE-E080AFDD8677}.Release|Any CPU.ActiveCfg = Release|x86
		{026AC36C-5928-49C7-ABEE-E080AFDD8677}.Release|Any CPU.Build.0 = Release|x86
		{026AC36C-5928-49C7-ABEE-E080AFDD8677}.Release|x86.ActiveCfg = Release|x86
		{026AC36C-5928-49C7-ABEE-E080AFDD8677}.Release|x86.Build.0 = Release|x86
		{A0EABD59-6001-4D47-83D1-F40E37C5BB37}.Debug|Any CPU.ActiveCfg = Debug|x86
		{A0EABD59-6001-4D47-83D1-F40E37C5BB37}.Debug|Any CPU.Build.0 = Debug|x86
		{A0EABD59-6001-4D47-83D1-F40E37C5BB37}.Debug|x86.ActiveCfg = Debug|x86
		{A0EABD59-6001-4D47-83D1-F40E37C5BB37}.Debug|x86.Build.0 = Debug|x86
		{A0EABD59-6001-4D47-83D1-F40E37C5BB37}.Release|Any CPU.ActiveCfg = Release|x86
		{A0EABD59-6001-4D47-83D1-F40E37C5BB37}.Release|Any CPU.Build.0 = Release|x86
		{A0EABD59-6001-4D47-83D1-F40E37C5BB37}.Release|x86.ActiveCfg = Release|x86
		{A0EABD59-6001-4D47-83D1-F40E37C5BB37}.Release|x86.Build.0 = Release|x86
		{0497CC5D-B9BA-4B98-8939-9878341CE702}.Debug|Any CPU.ActiveCfg = Debug|x86
		{0497CC5D-B9BA-4B98-8939-9878341CE702}.Debug|Any CPU.Build.0 = Debug|x86
		{0497CC5D-B9BA-4B98-8939-9878341CE702}.Debug|x86.ActiveCfg = Debug|x86
		{0497CC5D-B9BA-4B98-8939-9878341CE702}.Debug|x86.Build.0 = Debug|x86
		{0497CC5D-B9BA-4B98-8939-9878341CE702}.Release|Any CPU.ActiveCfg = Release|x86
		{0497CC5D-B9BA-4B98-8939-9878341CE702}.Release|Any CPU.Build.0 = Release|x86
		{0497CC5D-B9BA-4B98-8939-9878341CE702}.Release|x86.ActiveCfg = Release|x86
		{0497CC5D-B9BA-4B98-8939-9878341CE702}.Release|x86.Build.0 = Release|x86
		{C9777ABA-E517-4A16-824C-61C56C02847A}.Debug|Any CPU.ActiveCfg = Debug|x86
		{C9777ABA-E517-4A16-824C-61C56C02847A}.Debug|Any CPU.Build.0 = Debug|x86
		{C9777ABA-E517-4A16-824C-61C56C02847A}.Debug|x86.ActiveCfg = Debug|x86
		{C9777ABA-E517-4A16-824C-61C56C02847A}.Debug|x86.Build.0 = Debug|x86
		{C9777ABA-E517-4A16-824C-61C56C02847A}.Release|Any CPU.ActiveCfg = Release|x86
		{C9777ABA-E517-4A16-824C-61C56C02847A}.Release|Any CPU.Build.0 = Release|x86
		{C9777ABA-E517-4A16-824C-61C56C02847A}.Release|x86.ActiveCfg = Release|x86
		{C9777ABA-E517-4A16-824C-61C56C02847A}.Release|x86.Build.0 = Release|x86
		{8FB8C2B0-DE40-40AD-8284-937597E9C24F}.Debug|Any CPU.ActiveCfg = Debug|x86
		{8FB8C2B0-DE40-40AD-8284-937597E9C24F}.Debug|Any CPU.Build.0 = Debug|x86
		{8FB8C2B0-DE40-40AD-8284-937597E9C24F}.Debug|x86.ActiveCfg = Debug|x86
		{8FB8C2B0-DE40-40AD-8284-937597E9C24F}.Debug|x86.Build.0 = Debug|x86
		{8FB8C2B0-DE40-40AD-8284-937597E9C24F}.Release|Any CPU.ActiveCfg = Release|x86
		{8FB8C2B0-DE40-40AD-8284-937597E9C24F}.Release|Any CPU.Build.0 = Release|x86
		{8FB8C2B0-DE40-40AD-8284-937597E9C24F}.Release|x86.ActiveCfg = Release|x86
		{8FB8C2B0-DE40-40AD-8284-937597E9C24F}.Release|x86.Build.0 = Release|x86
		{36B9F72B-0320-4689-8786-308DCE0521BF}.Debug|Any CPU.ActiveCfg = Debug|x86
		{36B9F72B-0320-4689-8786-308DCE0521BF}.Debug|Any CPU.Build.0 = Debug|x86
		{36B9F72B-0320-4689-8786-308DCE0521BF}.Debug|x86.ActiveCfg = Debug|x86
		{36B9F72B-0320-4689-8786-308DCE0521BF}.Debug|x86.Build.0 = Debug|x86
		{36B9F72B-0320-4689-8786-308DCE0521BF}.Release|Any CPU.ActiveCfg = Release|x86
		{36B9F72B-0320-4689-8786-308DCE0521BF}.Release|Any CPU.Build.0 = Release|x86
		{36B9F72B-0320-4689-8786-308DCE0521BF}.Release|x86.ActiveCfg = Release|x86
		{36B9F72B-0320-4689-8786-308DCE0521BF}.Release|x86.Build.0 = Release|x86
		{19078AD1-47CE-4682-9278-D8BB8978815C}.Debug|Any CPU.ActiveCfg = Debug|x86
		{19078AD1-47CE-4682-9278-D8BB8978815C}.Debug|Any CPU.Build.0 = Debug|x86
		{19078AD1-47CE-4682-9278-D8BB8978815C}.Debug|x86.ActiveCfg = Debug|x86
		{19078AD1-47CE-4682-9278-D8BB8978815C}.Debug|x86.Build.0 = Debug|x86
		{19078AD1-47CE-4682-9278-D8BB8978815C}.Release|Any CPU.ActiveCfg = Release|x86
		{19078AD1-47CE-4682-9278-D8BB8978815C}.Release|Any CPU.Build.0 = Release|x86
		{19078AD1-47CE-4682-9278-D8BB8978815C}.Release|x86.ActiveCfg = Release|x86
		{19078AD1-47CE-4682-9278-D8BB8978815C}.Release|x86.Build.0 = Release|x86
		{7B9890C5-EEBF-4255-A365-31E1F7046FF9}.Debug|Any CPU.ActiveCfg = Debug|x86
		{7B9890C5-EEBF-4255-A365-31E1F7046FF9}.Debug|Any CPU.Build.0 = Debug|x86
		{7B9890C5-EEBF-4255-A365-31E1F7046FF9}.Debug|x86.ActiveCfg = Debug|x86
		{7B9890C5-EEBF-4255-A365-31E1F7046FF9}.Debug|x86.Build.0 = Debug|x86
		{7B9890C5-EEBF-4255-A365-31E1F7046FF9}.Release|Any CPU.ActiveCfg = Release|x86
		{7B9890C5-EEBF-4255-A365-31E1F7046FF9}.Release|Any CPU.Build.0 = Release|x86
		{7B9890C5-EEBF-4255-A365-31E1F7046FF9}.Release|x86.ActiveCfg = Release|x86
		{7B9890C5-EEBF-4255-A365-31E1F7046FF9}.Release|x86.Build.0 = Release|x86
		{62DE2DF1-F2CA-45FF-BB1D-54BF3C31C3F3}.Debug|Any CPU.ActiveCfg = Debug|x86
		{62DE2DF1-F2CA-45FF-BB1D-54BF3C31C3F3}.Debug|Any CPU.Build.0 = Debug|x86
		{62DE2DF1-F2CA-45FF-BB1D-54BF3C31C3F3}.Debug|x86.ActiveCfg = Debug|x86
		{62DE2DF1-F2CA-45FF-BB1D-54BF3C31C3F3}.Debug|x86.Build.0 = Debug|x86
		{62DE2DF1-F2CA-45FF-BB1D-54BF3C31C3F3}.Release|Any CPU.ActiveCfg = Release|x86
		{62DE2DF1-F2CA-45FF-BB1D-54BF3C31C3F3}.Release|Any CPU.Build.0 = Release|x86
		{62DE2DF1-F2CA-45FF-BB1D-54BF3C31C3F3}.Release|x86.ActiveCfg = Release|x86
		{62DE2DF1-F2CA-45FF-BB1D-54BF3C31C3F3}.Release|x86.Build.0 = Release|x86
		{F9F686EE-1908-4FBF-AA61-226EC59837DD}.Debug|Any CPU.ActiveCfg = Debug|x86
		{F9F686EE-1908-4FBF-AA61-226EC59837DD}.Debug|Any CPU.Build.0 = Debug|x86
		{F9F686EE-1908-4FBF-AA61-226EC59837DD}.Debug|x86.ActiveCfg = Debug|x86
		{F9F686EE-1908-4FBF-AA61-226EC59837DD}.Debug|x86.Build.0 = Debug|x86
		{F9F686EE-1908-4FBF-AA61-226EC59837DD}.Release|Any CPU.ActiveCfg = Release|x86
		{F9F686EE-1908-4FBF-AA61-226EC59837DD}.Release|Any CPU.Build.0 = Release|x86
		{F9F686EE-1908-4FBF-AA61-226EC59837DD}.Release|x86.ActiveCfg = Release|x86
		{F9F686EE-1908-4FBF-AA61-226EC59837DD}.Release|x86.Build.0 = Release|x86
		{6AAE1BC5-9D5A-4282-87BB-358083C87649}.Debug|Any CPU.ActiveCfg = Debug|x86
		{6AAE1BC5-9D5A-4282-87BB-358083C87649}.Debug|Any CPU.Build.0 = Debug|x86
		{6AAE1BC5-9D5A-4282-87BB-358083C87649}.Debug|x86.ActiveCfg = Debug|x86
		{6AAE1BC5-9D5A-4282-87BB-358083C87649}.Debug|x86.Build.0 = Debug|x86
		{6AAE1BC5-9D5A-4282-87BB-358083C87649}.Release|Any CPU.ActiveCfg = Release|x86
		{6AAE1BC5-9D5A-4282-87BB-358083C87649}.Release|Any CPU.Build.0 = Release|x86
		{6AAE1BC5-9D5A-4282-87BB-358083C87649}.Release|x86.ActiveCfg = Release|x86
		{6AAE1BC5-9D5A-4282-87BB-358083C87649}.Release|x86.Build.0 = Release|x86
		{C85DA7CE-591B-47B1-AC94-1CD25D212503}.Debug|Any CPU.ActiveCfg = Debug|x86
		{C85DA7CE-591B-47B1-AC94-1CD25D212503}.Debug|Any CPU.Build.0 = Debug|x86
		{C85DA7CE-591B-47B1-AC94-1CD25D212503}.Debug|x86.ActiveCfg = Debug|x86
		{C85DA7CE-591B-47B1-AC94-1CD25D212503}.Debug|x86.Build.0 = Debug|x86
		{C85DA7CE-591B-47B1-AC94-1CD25D212503}.Release|Any CPU.ActiveCfg = Release|x86
		{C85DA7CE-591B-47B1-AC94-1CD25D212503}.Release|Any CPU.Build.0 = Release|x86
		{C85DA7CE-591B-47B1-AC94-1CD25D212503}.Release|x86.ActiveCfg = Release|x86
		{C85DA7CE-591B-47B1-AC94-1CD25D212503}.Release|x86.Build.0 = Release|x86
		{BA7EA618-1677-4F12-8AFD-935DEFD20E32}.Debug|Any CPU.ActiveCfg = Debug|x86
		{BA7EA618-1677-4F12-8AFD-935DEFD20E32}.Debug|Any CPU.Build.0 = Debug|x86
		{BA7EA618-1677-4F12-8AFD-935DEFD20E32}.Debug|x86.ActiveCfg = Debug|x86
		{BA7EA618-1677-4F12-8AFD-935DEFD20E32}.Debug|x86.Build.0 = Debug|x86
		{BA7EA618-1677-4F12-8AFD-935DEFD20E32}.Release|Any CPU.ActiveCfg = Release|x86
		{BA7EA618-1677-4F12-8AFD-935DEFD20E32}.Release|Any CPU.Build.0 = Release|x86
		{BA7EA618-1677-4F12-8AFD-935DEFD20E32}.Release|x86.ActiveCfg = Release|x86
		{BA7EA618-1677-4F12-8AFD-935DEFD20E32}.Release|x86.Build.0 = Release|x86
		{ECF06F63-1480-43AF-8FC0-E1CD2001A741}.Debug|Any CPU.ActiveCfg = Debug|x86
		{ECF06F63-1480-43AF-8FC0-E1CD2001A741}.Debug|Any CPU.Build.0 = Debug|x86
		{ECF06F63-1480-43AF-8FC0-E1CD2001A741}.Debug|x86.ActiveCfg = Debug|x86
		{ECF06F63-1480-43AF-8FC0-E1CD2001A741}.Debug|x86.Build.0 = Debug|x86
		{ECF06F63-1480-43AF-8FC0-E1CD2001A741}.Release|Any CPU.ActiveCfg = Release|x86
		{ECF06F63-1480-43AF-8FC0-E1CD2001A741}.Release|Any CPU.Build.0 = Release|x86
		{ECF06F63-1480-43AF-8FC0-E1CD2001A741}.Release|x86.ActiveCfg = Release|x86
		{ECF06F63-1480-43AF-8FC0-E1CD2001A741}.Release|x86.Build.0 = Release|x86
		{2FB2CCBA-E3B4-4AA2-A797-890D3DBFAB6D}.Debug|Any CPU.ActiveCfg = Debug|x86
		{2FB2CCBA-E3B4-4AA2-A797-890D3DBFAB6D}.Debug|Any CPU.Build.0 = Debug|x86
		{2FB2CCBA-E3B4-4AA2-A797-890D3DBFAB6D}.Debug|x86.ActiveCfg = Debug|x86
		{2FB2CCBA-E3B4-4AA2-A797-890D3DBFAB6D}.Debug|x86.Build.0 = Debug|x86
		{2FB2CCBA-E3B4-4AA2-A797-890D3DBFAB6D}.Release|Any CPU.ActiveCfg = Release|x86
		{2FB2CCBA-E3B4-4AA2-A797-890D3DBFAB6D}.Release|Any CPU.Build.0 = Release|x86
		{2FB2CCBA-E3B4-4AA2-A797-890D3DBFAB6D}.Release|x86.ActiveCfg = Release|x86
		{2FB2CCBA-E3B4-4AA2-A797-890D3DBFAB6D}.Release|x86.Build.0 = Release|x86
		{4D6838B2-BC49-4E9C-8998-94080A42D416}.Debug|Any CPU.ActiveCfg = Debug|x86
		{4D6838B2-BC49-4E9C-8998-94080A42D416}.Debug|Any CPU.Build.0 = Debug|x86
		{4D6838B2-BC49-4E9C-8998-94080A42D416}.Debug|x86.ActiveCfg = Debug|x86
		{4D6838B2-BC49-4E9C-8998-94080A42D416}.Debug|x86.Build.0 = Debug|x86
		{4D6838B2-BC49-4E9C-8998-94080A42D416}.Release|Any CPU.ActiveCfg = Release|x86
		{4D6838B2-BC49-4E9C-8998-94080A42D416}.Release|Any CPU.Build.0 = Release|x86
		{4D6838B2-BC49-4E9C-8998-94080A42D416}.Release|x86.ActiveCfg = Release|x86
		{4D6838B2-BC49-4E9C-8998-94080A42D416}.Release|x86.Build.0 = Release|x86
		{4329E6F0-9C62-471E-97E0-99D83CE65BA7}.Debug|Any CPU.ActiveCfg = Debug|x86
		{4329E6F0-9C62-471E-97E0-99D83CE65BA7}.Debug|Any CPU.Build.0 = Debug|x86
		{4329E6F0-9C62-471E-97E0-99D83CE65BA7}.Debug|x86.ActiveCfg = Debug|x86
		{4329E6F0-9C62-471E-97E0-99D83CE65BA7}.Debug|x86.Build.0 = Debug|x86
		{4329E6F0-9C62-471E-97E0-99D83CE65BA7}.Release|Any CPU.ActiveCfg = Release|x86
		{4329E6F0-9C62-471E-97E0-99D83CE65BA7}.Release|Any CPU.Build.0 = Release|x86
		{4329E6F0-9C62-471E-97E0-99D83CE65BA7}.Release|x86.ActiveCfg = Release|x86
		{4329E6F0-9C62-471E-97E0-99D83CE65BA7}.Release|x86.Build.0 = Release|x86
		{2C56291E-9178-44B3-8056-543CE8C9B3B5}.Debug|Any CPU.ActiveCfg = Debug|x86
		{2C56291E-9178-44B3-8056-543CE8C9B3B5}.Debug|Any CPU.Build.0 = Debug|x86
		{2C56291E-9178-44B3-8056-543CE8C9B3B5}.Debug|x86.ActiveCfg = Debug|x86
		{2C56291E-9178-44B3-8056-543CE8C9B3B5}.Debug|x86.Build.0 = Debug|x86
		{2C56291E-9178-44B3-8056-543CE8C9B3B5}.Release|Any CPU.ActiveCfg = Release|x86
		{2C56291E-9178-44B3-8056-543CE8C9B3B5}.Release|Any CPU.Build.0 = Release|x86
		{2C56291E-9178-44B3-8056-543CE8C9B3B5}.Release|x86.ActiveCfg = Release|x86
		{2C56291E-9178-44B3-8056-543CE8C9B3B5}.Release|x86.Build.0 = Release|x86
		{3B51F4F1-B904-48B3-A12D-57F16FCD99CC}.Debug|Any CPU.ActiveCfg = Debug|x86
		{3B51F4F1-B904-48B3-A12D-57F16FCD99CC}.Debug|Any CPU.Build.0 = Debug|x86
		{3B51F4F1-B904-48B3-A12D-57F16FCD99CC}.Debug|x86.ActiveCfg = Debug|x86
		{3B51F4F1-B904-48B3-A12D-57F16FCD99CC}.Debug|x86.Build.0 = Debug|x86
		{3B51F4F1-B904-48B3-A12D-57F16FCD99CC}.Release|Any CPU.ActiveCfg = Release|x86
		{3B51F4F1-B904-48B3-A12D-57F16FCD99CC}.Release|Any CPU.Build.0 = Release|x86
		{3B51F4F1-B904-48B3-A12D-57F16FCD99CC}.Release|x86.ActiveCfg = Release|x86
		{3B51F4F1-B904-48B3-A12D-57F16FCD99CC}.Release|x86.Build.0 = Release|x86
		{6E59FBF4-4E74-40F6-812F-4389A5C673A2}.Debug|Any CPU.ActiveCfg = Debug|x86
		{6E59FBF4-4E74-40F6-812F-4389A5C673A2}.Debug|Any CPU.Build.0 = Debug|x86
		{6E59FBF4-4E74-40F6-812F-4389A5C673A2}.Debug|x86.ActiveCfg = Debug|x86
		{6E59FBF4-4E74-40F6-812F-4389A5C673A2}.Debug|x86.Build.0 = Debug|x86
		{6E59FBF4-4E74-40F6-812F-4389A5C673A2}.Release|Any CPU.ActiveCfg = Release|x86
		{6E59FBF4-4E74-40F6-812F-4389A5C673A2}.Release|Any CPU.Build.0 = Release|x86
		{6E59FBF4-4E74-40F6-812F-4389A5C673A2}.Release|x86.ActiveCfg = Release|x86
		{6E59FBF4-4E74-40F6-812F-4389A5C673A2}.Release|x86.Build.0 = Release|x86
		{8CCBAA18-6657-470B-96AA-11469DAF7B4B}.Debug|Any CPU.ActiveCfg = Debug|x86
		{8CCBAA18-6657-470B-96AA-11469DAF7B4B}.Debug|Any CPU.Build.0 = Debug|x86
		{8CCBAA18-6657-470B-96AA-11469DAF7B4B}.Debug|x86.ActiveCfg = Debug|x86
		{8CCBAA18-6657-470B-96AA-11469DAF7B4B}.Debug|x86.Build.0 = Debug|x86
		{8CCBAA18-6657-470B-96AA-11469DAF7B4B}.Release|Any CPU.ActiveCfg = Release|x86
		{8CCBAA18-6657-470B-96AA-11469DAF7B4B}.Release|Any CPU.Build.0 = Release|x86
		{8CCBAA18-6657-470B-96AA-11469DAF7B4B}.Release|x86.ActiveCfg = Release|x86
		{8CCBAA18-6657-470B-96AA-11469DAF7B4B}.Release|x86.Build.0 = Release|x86
		{E677D6F9-61B6-44BC-B16E-5B7AC8F27713}.Debug|Any CPU.ActiveCfg = Debug|x86
		{E677D6F9-61B6-44BC-B16E-5B7AC8F27713}.Debug|Any CPU.Build.0 = Debug|x86
		{E677D6F9-61B6-44BC-B16E-5B7AC8F27713}.Debug|x86.ActiveCfg = Debug|x86
		{E677D6F9-61B6-44BC-B16E-5B7AC8F27713}.Debug|x86.Build.0 = Debug|x86
		{E677D6F9-61B6-44BC-B16E-5B7AC8F27713}.Release|Any CPU.ActiveCfg = Release|x86
		{E677D6F9-61B6-44BC-B16E-5B7AC8F27713}.Release|Any CPU.Build.0 = Release|x86
		{E677D6F9-61B6-44BC-B16E-5B7AC8F27713}.Release|x86.ActiveCfg = Release|x86
		{E677D6F9-61B6-44BC-B16E-5B7AC8F27713}.Release|x86.Build.0 = Release|x86
		{FCDB50BE-9948-447A-8D1F-F401007D8BCA}.Debug|Any CPU.ActiveCfg = Debug|x86
		{FCDB50BE-9948-447A-8D1F-F401007D8BCA}.Debug|Any CPU.Build.0 = Debug|x86
		{FCDB50BE-9948-447A-8D1F-F401007D8BCA}.Debug|x86.ActiveCfg = Debug|x86
		{FCDB50BE-9948-447A-8D1F-F401007D8BCA}.Debug|x86.Build.0 = Debug|x86
		{FCDB50BE-9948-447A-8D1F-F401007D8BCA}.Release|Any CPU.ActiveCfg = Release|x86
		{FCDB50BE-9948-447A-8D1F-F401007D8BCA}.Release|Any CPU.Build.0 = Release|x86
		{FCDB50BE-9948-447A-8D1F-F401007D8BCA}.Release|x86.ActiveCfg = Release|x86
		{FCDB50BE-9948-447A-8D1F-F401007D8BCA}.Release|x86.Build.0 = Release|x86
		{508DFC9D-5C03-4C8A-85C3-25B2219B8C77}.Debug|Any CPU.ActiveCfg = Debug|x86
		{508DFC9D-5C03-4C8A-85C3-25B2219B8C77}.Debug|Any CPU.Build.0 = Debug|x86
		{508DFC9D-5C03-4C8A-85C3-25B2219B8C77}.Debug|x86.ActiveCfg = Debug|x86
		{508DFC9D-5C03-4C8A-85C3-25B2219B8C77}.Debug|x86.Build.0 = Debug|x86
		{508DFC9D-5C03-4C8A-85C3-25B2219B8C77}.Release|Any CPU.ActiveCfg = Release|x86
		{508DFC9D-5C03-4C8A-85C3-25B2219B8C77}.Release|Any CPU.Build.0 = Release|x86
		{508DFC9D-5C03-4C8A-85C3-25B2219B8C77}.Release|x86.ActiveCfg = Release|x86
		{508DFC9D-5C03-4C8A-85C3-25B2219B8C77}.Release|x86.Build.0 = Release|x86
		{72EA6003-76BF-410C-B01C-1B5E72230DF8}.Debug|Any CPU.ActiveCfg = Debug|x86
		{72EA6003-76BF-410C-B01C-1B5E72230DF8}.Debug|Any CPU.Build.0 = Debug|x86
		{72EA6003-76BF-410C-B01C-1B5E72230DF8}.Debug|x86.ActiveCfg = Debug|x86
		{72EA6003-76BF-410C-B01C-1B5E72230DF8}.Debug|x86.Build.0 = Debug|x86
		{72EA6003-76BF-410C-B01C-1B5E72230DF8}.Release|Any CPU.ActiveCfg = Release|x86
		{72EA6003-76BF-410C-B01C-1B5E72230DF8}.Release|Any CPU.Build.0 = Release|x86
		{72EA6003-76BF-410C-B01C-1B5E72230DF8}.Release|x86.ActiveCfg = Release|x86
		{72EA6003-76BF-410C-B01C-1B5E72230DF8}.Release|x86.Build.0 = Release|x86
		{574CE2F2-6CAE-4FFB-B48F-994928E4F010}.Debug|Any CPU.ActiveCfg = Debug|x86
		{574CE2F2-6CAE-4FFB-B48F-994928E4F010}.Debug|Any CPU.Build.0 = Debug|x86
		{574CE2F2-6CAE-4FFB-B48F-994928E4F010}.Debug|x86.ActiveCfg = Debug|x86
		{574CE2F2-6CAE-4FFB-B48F-994928E4F010}.Debug|x86.Build.0 = Debug|x86
		{574CE2F2-6CAE-4FFB-B48F-994928E4F010}.Release|Any CPU.ActiveCfg = Release|x86
		{574CE2F2-6CAE-4FFB-B48F-994928E4F010}.Release|Any CPU.Build.0 = Release|x86
		{574CE2F2-6CAE-4FFB-B48F-994928E4F010}.Release|x86.ActiveCfg = Release|x86
		{574CE2F2-6CAE-4FFB-B48F-994928E4F010}.Release|x86.Build.0 = Release|x86
		{0F75C1A1-8BC6-4803-A8BE-E559A749F44B}.Debug|Any CPU.ActiveCfg = Debug|x86
		{0F75C1A1-8BC6-4803-A8BE-E559A749F44B}.Debug|Any CPU.Build.0 = Debug|x86
		{0F75C1A1-8BC6-4803-A8BE-E559A749F44B}.Debug|x86.ActiveCfg = Debug|x86
		{0F75C1A1-8BC6-4803-A8BE-E559A749F44B}.Debug|x86.Build.0 = Debug|x86
		{0F75C1A1-8BC6-4803-A8BE-E559A749F44B}.Release|Any CPU.ActiveCfg = Release|x86
		{0F75C1A1-8BC6-4803-A8BE-E559A749F44B}.Release|Any CPU.Build.0 = Release|x86
		{0F75C1A1-8BC6-4803-A8BE-E559A749F44B}.Release|x86.ActiveCfg = Release|x86
		{0F75C1A1-8BC6-4803-A8BE-E559A749F44B}.Release|x86.Build.0 = Release|x86
		{1E20577D-4430-4E13-B01D-CB2AC3CE8C4C}.Debug|Any CPU.ActiveCfg = Debug|x86
		{1E20577D-4430-4E13-B01D-CB2AC3CE8C4C}.Debug|Any CPU.Build.0 = Debug|x86
		{1E20577D-4430-4E13-B01D-CB2AC3CE8C4C}.Debug|x86.ActiveCfg = Debug|x86
		{1E20577D-4430-4E13-B01D-CB2AC3CE8C4C}.Debug|x86.Build.0 = Debug|x86
		{1E20577D-4430-4E13-B01D-CB2AC3CE8C4C}.Release|Any CPU.ActiveCfg = Release|x86
		{1E20577D-4430-4E13-B01D-CB2AC3CE8C4C}.Release|Any CPU.Build.0 = Release|x86
		{1E20577D-4430-4E13-B01D-CB2AC3CE8C4C}.Release|x86.ActiveCfg = Release|x86
		{1E20577D-4430-4E13-B01D-CB2AC3CE8C4C}.Release|x86.Build.0 = Release|x86
		{BBF9F1C9-C999-4E0D-919A-706DEEBC2169}.Debug|Any CPU.ActiveCfg = Debug|x86
		{BBF9F1C9-C999-4E0D-919A-706DEEBC2169}.Debug|Any CPU.Build.0 = Debug|x86
		{BBF9F1C9-C999-4E0D-919A-706DEEBC2169}.Debug|x86.ActiveCfg = Debug|x86
		{BBF9F1C9-C999-4E0D-919A-706DEEBC2169}.Debug|x86.Build.0 = Debug|x86
		{BBF9F1C9-C999-4E0D-919A-706DEEBC2169}.Release|Any CPU.ActiveCfg = Release|x86
		{BBF9F1C9-C999-4E0D-919A-706DEEBC2169}.Release|Any CPU.Build.0 = Release|x86
		{BBF9F1C9-C999-4E0D-919A-706DEEBC2169}.Release|x86.ActiveCfg = Release|x86
		{BBF9F1C9-C999-4E0D-919A-706DEEBC2169}.Release|x86.Build.0 = Release|x86
		{ADB5C472-4DB5-4B48-9234-5A8E536B93FD}.Debug|Any CPU.ActiveCfg = Debug|x86
		{ADB5C472-4DB5-4B48-9234-5A8E536B93FD}.Debug|Any CPU.Build.0 = Debug|x86
		{ADB5C472-4DB5-4B48-9234-5A8E536B93FD}.Debug|x86.ActiveCfg = Debug|x86
		{ADB5C472-4DB5-4B48-9234-5A8E536B93FD}.Debug|x86.Build.0 = Debug|x86
		{ADB5C472-4DB5-4B48-9234-5A8E536B93FD}.Release|Any CPU.ActiveCfg = Release|x86
		{ADB5C472-4DB5-4B48-9234-5A8E536B93FD}.Release|Any CPU.Build.0 = Release|x86
		{ADB5C472-4DB5-4B48-9234-5A8E536B93FD}.Release|x86.ActiveCfg = Release|x86
		{ADB5C472-4DB5-4B48-9234-5A8E536B93FD}.Release|x86.Build.0 = Release|x86
		{4A3A0784-EB53-49B0-ADFE-3E9E58D63B74}.Debug|Any CPU.ActiveCfg = Debug|x86
		{4A3A0784-EB53-49B0-ADFE-3E9E58D63B74}.Debug|Any CPU.Build.0 = Debug|x86
		{4A3A0784-EB53-49B0-ADFE-3E9E58D63B74}.Debug|x86.ActiveCfg = Debug|x86
		{4A3A0784-EB53-49B0-ADFE-3E9E58D63B74}.Debug|x86.Build.0 = Debug|x86
		{4A3A0784-EB53-49B0-ADFE-3E9E58D63B74}.Release|Any CPU.ActiveCfg = Release|x86
		{4A3A0784-EB53-49B0-ADFE-3E9E58D63B74}.Release|Any CPU.Build.0 = Release|x86
		{4A3A0784-EB53-49B0-ADFE-3E9E58D63B74}.Release|x86.ActiveCfg = Release|x86
		{4A3A0784-EB53-49B0-ADFE-3E9E58D63B74}.Release|x86.Build.0 = Release|x86
		{91901249-E3B8-4D0C-BF25-8FE621FCDB7E}.Debug|Any CPU.ActiveCfg = Debug|x86
		{91901249-E3B8-4D0C-BF25-8FE621FCDB7E}.Debug|Any CPU.Build.0 = Debug|x86
		{91901249-E3B8-4D0C-BF25-8FE621FCDB7E}.Debug|x86.ActiveCfg = Debug|x86
		{91901249-E3B8-4D0C-BF25-8FE621FCDB7E}.Debug|x86.Build.0 = Debug|x86
		{91901249-E3B8-4D0C-BF25-8FE621FCDB7E}.Release|Any CPU.ActiveCfg = Release|x86
		{91901249-E3B8-4D0C-BF25-8FE621FCDB7E}.Release|Any CPU.Build.0 = Release|x86
		{91901249-E3B8-4D0C-BF25-8FE621FCDB7E}.Release|x86.ActiveCfg = Release|x86
		{91901249-E3B8-4D0C-BF25-8FE621FCDB7E}.Release|x86.Build.0 = Release|x86
		{A755A9F8-03DE-4CDF-A3DF-1E40990F652D}.Debug|Any CPU.ActiveCfg = Debug|x86
		{A755A9F8-03DE-4CDF-A3DF-1E40990F652D}.Debug|Any CPU.Build.0 = Debug|x86
		{A755A9F8-03DE-4CDF-A3DF-1E40990F652D}.Debug|x86.ActiveCfg = Debug|x86
		{A755A9F8-03DE-4CDF-A3DF-1E40990F652D}.Debug|x86.Build.0 = Debug|x86
		{A755A9F8-03DE-4CDF-A3DF-1E40990F652D}.Release|Any CPU.ActiveCfg = Release|x86
		{A755A9F8-03DE-4CDF-A3DF-1E40990F652D}.Release|Any CPU.Build.0 = Release|x86
		{A755A9F8-03DE-4CDF-A3DF-1E40990F652D}.Release|x86.ActiveCfg = Release|x86
		{A755A9F8-03DE-4CDF-A3DF-1E40990F652D}.Release|x86.Build.0 = Release|x86
		{BEB9B7B1-49A5-4C06-9560-85794771956D}.Debug|Any CPU.ActiveCfg = Debug|x86
		{BEB9B7B1-49A5-4C06-9560-85794771956D}.Debug|Any CPU.Build.0 = Debug|x86
		{BEB9B7B1-49A5-4C06-9560-85794771956D}.Debug|x86.ActiveCfg = Debug|x86
		{BEB9B7B1-49A5-4C06-9560-85794771956D}.Debug|x86.Build.0 = Debug|x86
		{BEB9B7B1-49A5-4C06-9560-85794771956D}.Release|Any CPU.ActiveCfg = Release|x86
		{BEB9B7B1-49A5-4C06-9560-85794771956D}.Release|Any CPU.Build.0 = Release|x86
		{BEB9B7B1-49A5-4C06-9560-85794771956D}.Release|x86.ActiveCfg = Release|x86
		{BEB9B7B1-49A5-4C06-9560-85794771956D}.Release|x86.Build.0 = Release|x86
		{B3DC5EFF-B84C-4B98-8405-57FE384F621B}.Debug|Any CPU.ActiveCfg = Debug|x86
		{B3DC5EFF-B84C-4B98-8405-57FE384F621B}.Debug|Any CPU.Build.0 = Debug|x86
		{B3DC5EFF-B84C-4B98-8405-57FE384F621B}.Debug|x86.ActiveCfg = Debug|x86
		{B3DC5EFF-B84C-4B98-8405-57FE384F621B}.Debug|x86.Build.0 = Debug|x86
		{B3DC5EFF-B84C-4B98-8405-57FE384F621B}.Release|Any CPU.ActiveCfg = Release|x86
		{B3DC5EFF-B84C-4B98-8405-57FE384F621B}.Release|Any CPU.Build.0 = Release|x86
		{B3DC5EFF-B84C-4B98-8405-57FE384F621B}.Release|x86.ActiveCfg = Release|x86
		{B3DC5EFF-B84C-4B98-8405-57FE384F621B}.Release|x86.Build.0 = Release|x86
		{6A4D970D-E0B0-4AF2-A479-CB89E9FB72A8}.Debug|Any CPU.ActiveCfg = Debug|x86
		{6A4D970D-E0B0-4AF2-A479-CB89E9FB72A8}.Debug|Any CPU.Build.0 = Debug|x86
		{6A4D970D-E0B0-4AF2-A479-CB89E9FB72A8}.Debug|x86.ActiveCfg = Debug|x86
		{6A4D970D-E0B0-4AF2-A479-CB89E9FB72A8}.Debug|x86.Build.0 = Debug|x86
		{6A4D970D-E0B0-4AF2-A479-CB89E9FB72A8}.Release|Any CPU.ActiveCfg = Release|x86
		{6A4D970D-E0B0-4AF2-A479-CB89E9FB72A8}.Release|Any CPU.Build.0 = Release|x86
		{6A4D970D-E0B0-4AF2-A479-CB89E9FB72A8}.Release|x86.ActiveCfg = Release|x86
		{6A4D970D-E0B0-4AF2-A479-CB89E9FB72A8}.Release|x86.Build.0 = Release|x86
		{7507CBA9-606C-4074-AD1A-1EBF84E22214}.Debug|Any CPU.ActiveCfg = Debug|x86
		{7507CBA9-606C-4074-AD1A-1EBF84E22214}.Debug|Any CPU.Build.0 = Debug|x86
		{7507CBA9-606C-4074-AD1A-1EBF84E22214}.Debug|x86.ActiveCfg = Debug|x86
		{7507CBA9-606C-4074-AD1A-1EBF84E22214}.Debug|x86.Build.0 = Debug|x86
		{7507CBA9-606C-4074-AD1A-1EBF84E22214}.Release|Any CPU.ActiveCfg = Release|x86
		{7507CBA9-606C-4074-AD1A-1EBF84E22214}.Release|Any CPU.Build.0 = Release|x86
		{7507CBA9-606C-4074-AD1A-1EBF84E22214}.Release|x86.ActiveCfg = Release|x86
		{7507CBA9-606C-4074-AD1A-1EBF84E22214}.Release|x86.Build.0 = Release|x86
		{D3953640-97CB-44D9-9B32-D37168936ECF}.Debug|Any CPU.ActiveCfg = Debug|x86
		{D3953640-97CB-44D9-9B32-D37168936ECF}.Debug|Any CPU.Build.0 = Debug|x86
		{D3953640-97CB-44D9-9B32-D37168936ECF}.Debug|x86.ActiveCfg = Debug|x86
		{D3953640-97CB-44D9-9B32-D37168936ECF}.Debug|x86.Build.0 = Debug|x86
		{D3953640-97CB-44D9-9B32-D37168936ECF}.Release|Any CPU.ActiveCfg = Release|x86
		{D3953640-97CB-44D9-9B32-D37168936ECF}.Release|Any CPU.Build.0 = Release|x86
		{D3953640-97CB-44D9-9B32-D37168936ECF}.Release|x86.ActiveCfg = Release|x86
		{D3953640-97CB-44D9-9B32-D37168936ECF}.Release|x86.Build.0 = Release|x86
		{10289A99-102D-4859-A5B4-1B2B8150262E}.Debug|Any CPU.ActiveCfg = Debug|x86
		{10289A99-102D-4859-A5B4-1B2B8150262E}.Debug|Any CPU.Build.0 = Debug|x86
		{10289A99-102D-4859-A5B4-1B2B8150262E}.Debug|x86.ActiveCfg = Debug|x86
		{10289A99-102D-4859-A5B4-1B2B8150262E}.Debug|x86.Build.0 = Debug|x86
		{10289A99-102D-4859-A5B4-1B2B8150262E}.Release|Any CPU.ActiveCfg = Release|x86
		{10289A99-102D-4859-A5B4-1B2B8150262E}.Release|Any CPU.Build.0 = Release|x86
		{10289A99-102D-4859-A5B4-1B2B8150262E}.Release|x86.ActiveCfg = Release|x86
		{10289A99-102D-4859-A5B4-1B2B8150262E}.Release|x86.Build.0 = Release|x86
		{2B9AE1BB-4DFF-4C1B-B90E-24F89E937631}.Debug|Any CPU.ActiveCfg = Debug|x86
		{2B9AE1BB-4DFF-4C1B-B90E-24F89E937631}.Debug|Any CPU.Build.0 = Debug|x86
		{2B9AE1BB-4DFF-4C1B-B90E-24F89E937631}.Debug|x86.ActiveCfg = Debug|x86
		{2B9AE1BB-4DFF-4C1B-B90E-24F89E937631}.Debug|x86.Build.0 = Debug|x86
		{2B9AE1BB-4DFF-4C1B-B90E-24F89E937631}.Release|Any CPU.ActiveCfg = Release|x86
		{2B9AE1BB-4DFF-4C1B-B90E-24F89E937631}.Release|Any CPU.Build.0 = Release|x86
		{2B9AE1BB-4DFF-4C1B-B90E-24F89E937631}.Release|x86.ActiveCfg = Release|x86
		{2B9AE1BB-4DFF-4C1B-B90E-24F89E937631}.Release|x86.Build.0 = Release|x86
		{7B455A03-7284-4D3D-A1F5-862D8C4135F7}.Debug|Any CPU.ActiveCfg = Debug|x86
		{7B455A03-7284-4D3D-A1F5-862D8C4135F7}.Debug|Any CPU.Build.0 = Debug|x86
		{7B455A03-7284-4D3D-A1F5-862D8C4135F7}.Debug|x86.ActiveCfg = Debug|x86
		{7B455A03-7284-4D3D-A1F5-862D8C4135F7}.Debug|x86.Build.0 = Debug|x86
		{7B455A03-7284-4D3D-A1F5-862D8C4135F7}.Release|Any CPU.ActiveCfg = Release|x86
		{7B455A03-7284-4D3D-A1F5-862D8C4135F7}.Release|Any CPU.Build.0 = Release|x86
		{7B455A03-7284-4D3D-A1F5-862D8C4135F7}.Release|x86.ActiveCfg = Release|x86
		{7B455A03-7284-4D3D-A1F5-862D8C4135F7}.Release|x86.Build.0 = Release|x86
		{947244DD-77E0-42BD-8ABB-84BDED9ACD01}.Debug|Any CPU.ActiveCfg = Debug|x86
		{947244DD-77E0-42BD-8ABB-84BDED9ACD01}.Debug|Any CPU.Build.0 = Debug|x86
		{947244DD-77E0-42BD-8ABB-84BDED9ACD01}.Debug|x86.ActiveCfg = Debug|x86
		{947244DD-77E0-42BD-8ABB-84BDED9ACD01}.Debug|x86.Build.0 = Debug|x86
		{947244DD-77E0-42BD-8ABB-84BDED9ACD01}.Release|Any CPU.ActiveCfg = Release|x86
		{947244DD-77E0-42BD-8ABB-84BDED9ACD01}.Release|Any CPU.Build.0 = Release|x86
		{947244DD-77E0-42BD-8ABB-84BDED9ACD01}.Release|x86.ActiveCfg = Release|x86
		{947244DD-77E0-42BD-8ABB-84BDED9ACD01}.Release|x86.Build.0 = Release|x86
		{77208927-2DBD-4975-B952-017F9AA0908B}.Debug|Any CPU.ActiveCfg = Debug|x86
		{77208927-2DBD-4975-B952-017F9AA0908B}.Debug|Any CPU.Build.0 = Debug|x86
		{77208927-2DBD-4975-B952-017F9AA0908B}.Debug|x86.ActiveCfg = Debug|x86
		{77208927-2DBD-4975-B952-017F9AA0908B}.Debug|x86.Build.0 = Debug|x86
		{77208927-2DBD-4975-B952-017F9AA0908B}.Release|Any CPU.ActiveCfg = Release|x86
		{77208927-2DBD-4975-B952-017F9AA0908B}.Release|Any CPU.Build.0 = Release|x86
		{77208927-2DBD-4975-B952-017F9AA0908B}.Release|x86.ActiveCfg = Release|x86
		{77208927-2DBD-4975-B952-017F9AA0908B}.Release|x86.Build.0 = Release|x86
		{17FA788A-10BF-4689-A02D-8AC185BC28A1}.Debug|Any CPU.ActiveCfg = Debug|x86
		{17FA788A-10BF-4689-A02D-8AC185BC28A1}.Debug|Any CPU.Build.0 = Debug|x86
		{17FA788A-10BF-4689-A02D-8AC185BC28A1}.Debug|x86.ActiveCfg = Debug|x86
		{17FA788A-10BF-4689-A02D-8AC185BC28A1}.Debug|x86.Build.0 = Debug|x86
		{17FA788A-10BF-4689-A02D-8AC185BC28A1}.Release|Any CPU.ActiveCfg = Release|x86
		{17FA788A-10BF-4689-A02D-8AC185BC28A1}.Release|Any CPU.Build.0 = Release|x86
		{17FA788A-10BF-4689-A02D-8AC185BC28A1}.Release|x86.ActiveCfg = Release|x86
		{17FA788A-10BF-4689-A02D-8AC185BC28A1}.Release|x86.Build.0 = Release|x86
		{EB0DF010-79C6-41FE-BB40-9BCBE24BC948}.Debug|Any CPU.ActiveCfg = Debug|x86
		{EB0DF010-79C6-41FE-BB40-9BCBE24BC948}.Debug|Any CPU.Build.0 = Debug|x86
		{EB0DF010-79C6-41FE-BB40-9BCBE24BC948}.Debug|x86.ActiveCfg = Debug|x86
		{EB0DF010-79C6-41FE-BB40-9BCBE24BC948}.Debug|x86.Build.0 = Debug|x86
		{EB0DF010-79C6-41FE-BB40-9BCBE24BC948}.Release|Any CPU.ActiveCfg = Release|x86
		{EB0DF010-79C6-41FE-BB40-9BCBE24BC948}.Release|Any CPU.Build.0 = Release|x86
		{EB0DF010-79C6-41FE-BB40-9BCBE24BC948}.Release|x86.ActiveCfg = Release|x86
		{EB0DF010-79C6-41FE-BB40-9BCBE24BC948}.Release|x86.Build.0 = Release|x86
		{3DADA4F1-905D-489E-9AB0-080678C1FBC4}.Debug|Any CPU.ActiveCfg = Debug|x86
		{3DADA4F1-905D-489E-9AB0-080678C1FBC4}.Debug|Any CPU.Build.0 = Debug|x86
		{3DADA4F1-905D-489E-9AB0-080678C1FBC4}.Debug|x86.ActiveCfg = Debug|x86
		{3DADA4F1-905D-489E-9AB0-080678C1FBC4}.Debug|x86.Build.0 = Debug|x86
		{3DADA4F1-905D-489E-9AB0-080678C1FBC4}.Release|Any CPU.ActiveCfg = Release|x86
		{3DADA4F1-905D-489E-9AB0-080678C1FBC4}.Release|Any CPU.Build.0 = Release|x86
		{3DADA4F1-905D-489E-9AB0-080678C1FBC4}.Release|x86.ActiveCfg = Release|x86
		{3DADA4F1-905D-489E-9AB0-080678C1FBC4}.Release|x86.Build.0 = Release|x86
		{0820691D-CFDC-4B20-A763-5093347A33F6}.Debug|Any CPU.ActiveCfg = Debug|x86
		{0820691D-CFDC-4B20-A763-5093347A33F6}.Debug|Any CPU.Build.0 = Debug|x86
		{0820691D-CFDC-4B20-A763-5093347A33F6}.Debug|x86.ActiveCfg = Debug|x86
		{0820691D-CFDC-4B20-A763-5093347A33F6}.Debug|x86.Build.0 = Debug|x86
		{0820691D-CFDC-4B20-A763-5093347A33F6}.Release|Any CPU.ActiveCfg = Release|x86
		{0820691D-CFDC-4B20-A763-5093347A33F6}.Release|Any CPU.Build.0 = Release|x86
		{0820691D-CFDC-4B20-A763-5093347A33F6}.Release|x86.ActiveCfg = Release|x86
		{0820691D-CFDC-4B20-A763-5093347A33F6}.Release|x86.Build.0 = Release|x86
		{160D7BD3-999D-45D4-9836-98726F9C1BC0}.Debug|Any CPU.ActiveCfg = Debug|x86
		{160D7BD3-999D-45D4-9836-98726F9C1BC0}.Debug|Any CPU.Build.0 = Debug|x86
		{160D7BD3-999D-45D4-9836-98726F9C1BC0}.Debug|x86.ActiveCfg = Debug|x86
		{160D7BD3-999D-45D4-9836-98726F9C1BC0}.Debug|x86.Build.0 = Debug|x86
		{160D7BD3-999D-45D4-9836-98726F9C1BC0}.Release|Any CPU.ActiveCfg = Release|x86
		{160D7BD3-999D-45D4-9836-98726F9C1BC0}.Release|Any CPU.Build.0 = Release|x86
		{160D7BD3-999D-45D4-9836-98726F9C1BC0}.Release|x86.ActiveCfg = Release|x86
		{160D7BD3-999D-45D4-9836-98726F9C1BC0}.Release|x86.Build.0 = Release|x86
		{F6ED4805-795C-4A87-96ED-50D1352FB166}.Debug|Any CPU.ActiveCfg = Debug|x86
		{F6ED4805-795C-4A87-96ED-50D1352FB166}.Debug|Any CPU.Build.0 = Debug|x86
		{F6ED4805-795C-4A87-96ED-50D1352FB166}.Debug|x86.ActiveCfg = Debug|x86
		{F6ED4805-795C-4A87-96ED-50D1352FB166}.Debug|x86.Build.0 = Debug|x86
		{F6ED4805-795C-4A87-96ED-50D1352FB166}.Release|Any CPU.ActiveCfg = Release|x86
		{F6ED4805-795C-4A87-96ED-50D1352FB166}.Release|Any CPU.Build.0 = Release|x86
		{F6ED4805-795C-4A87-96ED-50D1352FB166}.Release|x86.ActiveCfg = Release|x86
		{F6ED4805-795C-4A87-96ED-50D1352FB166}.Release|x86.Build.0 = Release|x86
		{824496BB-280A-401D-9D60-5C6CC20CE0D5}.Debug|Any CPU.ActiveCfg = Debug|x86
		{824496BB-280A-401D-9D60-5C6CC20CE0D5}.Debug|Any CPU.Build.0 = Debug|x86
		{824496BB-280A-401D-9D60-5C6CC20CE0D5}.Debug|x86.ActiveCfg = Debug|x86
		{824496BB-280A-401D-9D60-5C6CC20CE0D5}.Debug|x86.Build.0 = Debug|x86
		{824496BB-280A-401D-9D60-5C6CC20CE0D5}.Release|Any CPU.ActiveCfg = Release|x86
		{824496BB-280A-401D-9D60-5C6CC20CE0D5}.Release|Any CPU.Build.0 = Release|x86
		{824496BB-280A-401D-9D60-5C6CC20CE0D5}.Release|x86.ActiveCfg = Release|x86
		{824496BB-280A-401D-9D60-5C6CC20CE0D5}.Release|x86.Build.0 = Release|x86
		{A88D4292-B451-4B54-A128-81FE0F48DE00}.Debug|Any CPU.ActiveCfg = Debug|x86
		{A88D4292-B451-4B54-A128-81FE0F48DE00}.Debug|Any CPU.Build.0 = Debug|x86
		{A88D4292-B451-4B54-A128-81FE0F48DE00}.Debug|x86.ActiveCfg = Debug|x86
		{A88D4292-B451-4B54-A128-81FE0F48DE00}.Debug|x86.Build.0 = Debug|x86
		{A88D4292-B451-4B54-A128-81FE0F48DE00}.Release|Any CPU.ActiveCfg = Release|x86
		{A88D4292-B451-4B54-A128-81FE0F48DE00}.Release|Any CPU.Build.0 = Release|x86
		{A88D4292-B451-4B54-A128-81FE0F48DE00}.Release|x86.ActiveCfg = Release|x86
		{A88D4292-B451-4B54-A128-81FE0F48DE00}.Release|x86.Build.0 = Release|x86
		{2549D568-069E-4162-83B7-40E95AE6E1DD}.Debug|Any CPU.ActiveCfg = Debug|Any CPU
		{2549D568-069E-4162-83B7-40E95AE6E1DD}.Debug|Any CPU.Build.0 = Debug|Any CPU
		{2549D568-069E-4162-83B7-40E95AE6E1DD}.Debug|x86.ActiveCfg = Debug|Any CPU
		{2549D568-069E-4162-83B7-40E95AE6E1DD}.Debug|x86.Build.0 = Debug|Any CPU
		{2549D568-069E-4162-83B7-40E95AE6E1DD}.Release|Any CPU.ActiveCfg = Release|Any CPU
		{2549D568-069E-4162-83B7-40E95AE6E1DD}.Release|Any CPU.Build.0 = Release|Any CPU
		{2549D568-069E-4162-83B7-40E95AE6E1DD}.Release|x86.ActiveCfg = Release|Any CPU
		{2549D568-069E-4162-83B7-40E95AE6E1DD}.Release|x86.Build.0 = Release|Any CPU
		{06154306-E1D8-40A7-8CC9-D8DBC051EDE4}.Debug|Any CPU.ActiveCfg = Debug|Any CPU
		{06154306-E1D8-40A7-8CC9-D8DBC051EDE4}.Debug|Any CPU.Build.0 = Debug|Any CPU
		{06154306-E1D8-40A7-8CC9-D8DBC051EDE4}.Debug|x86.ActiveCfg = Debug|Any CPU
		{06154306-E1D8-40A7-8CC9-D8DBC051EDE4}.Debug|x86.Build.0 = Debug|Any CPU
		{06154306-E1D8-40A7-8CC9-D8DBC051EDE4}.Release|Any CPU.ActiveCfg = Release|Any CPU
		{06154306-E1D8-40A7-8CC9-D8DBC051EDE4}.Release|Any CPU.Build.0 = Release|Any CPU
		{06154306-E1D8-40A7-8CC9-D8DBC051EDE4}.Release|x86.ActiveCfg = Release|Any CPU
		{06154306-E1D8-40A7-8CC9-D8DBC051EDE4}.Release|x86.Build.0 = Release|Any CPU
	EndGlobalSection
	GlobalSection(SolutionProperties) = preSolution
		HideSolutionNode = FALSE
	EndGlobalSection
	GlobalSection(ExtensibilityGlobals) = postSolution
		SolutionGuid = {F961C7B0-3CEF-431F-9690-85D969E282F9}
	EndGlobalSection
EndGlobal
